
Microsoft Visual Studio Solution File, Format Version 12.00
# Visual Studio Version 17
VisualStudioVersion = 17.5.33424.131
MinimumVisualStudioVersion = 10.0.40219.1
Project("{9A19103F-16F7-4668-BE54-9A1E7A4F7556}") = "Delegates", "Delegates\Delegates.csproj", "{EABA8FC4-42FB-4DAD-96E9-47A5B1057CFB}"
EndProject
Project("{9A19103F-16F7-4668-BE54-9A1E7A4F7556}") = "Extensions", "Extensions\Extensions.csproj", "{47B09D5D-50E4-4827-B954-A40B96052B83}"
EndProject
Project("{9A19103F-16F7-4668-BE54-9A1E7A4F7556}") = "CovarianceContravariance", "CovarianceContravariance\CovarianceContravariance.csproj", "{007533F4-FE60-4E0C-AF11-004BF8A2C8F8}"
EndProject
Project("{9A19103F-16F7-4668-BE54-9A1E7A4F7556}") = "Inheritance", "Inheritance\Inheritance.csproj", "{BEB733F2-BBB4-4170-B530-EFF7C5797559}"
EndProject
Project("{9A19103F-16F7-4668-BE54-9A1E7A4F7556}") = "PropertiesIndexersRefOut", "PropertiesIndexersRefOut\PropertiesIndexersRefOut.csproj", "{C6F8925F-2947-4A78-8E1A-543D13B7ED6B}"
EndProject
Project("{9A19103F-16F7-4668-BE54-9A1E7A4F7556}") = "ValueTuplesDeconstruction", "ValueTuplesDeconstruction\ValueTuplesDeconstruction.csproj", "{2518859E-D8D5-418A-A92B-411277F86479}"
EndProject
Global
	GlobalSection(SolutionConfigurationPlatforms) = preSolution
		Debug|Any CPU = Debug|Any CPU
		Release|Any CPU = Release|Any CPU
	EndGlobalSection
	GlobalSection(ProjectConfigurationPlatforms) = postSolution
		{EABA8FC4-42FB-4DAD-96E9-47A5B1057CFB}.Debug|Any CPU.ActiveCfg = Debug|Any CPU
		{EABA8FC4-42FB-4DAD-96E9-47A5B1057CFB}.Debug|Any CPU.Build.0 = Debug|Any CPU
		{EABA8FC4-42FB-4DAD-96E9-47A5B1057CFB}.Release|Any CPU.ActiveCfg = Release|Any CPU
		{EABA8FC4-42FB-4DAD-96E9-47A5B1057CFB}.Release|Any CPU.Build.0 = Release|Any CPU
		{47B09D5D-50E4-4827-B954-A40B96052B83}.Debug|Any CPU.ActiveCfg = Debug|Any CPU
		{47B09D5D-50E4-4827-B954-A40B96052B83}.Debug|Any CPU.Build.0 = Debug|Any CPU
		{47B09D5D-50E4-4827-B954-A40B96052B83}.Release|Any CPU.ActiveCfg = Release|Any CPU
		{47B09D5D-50E4-4827-B954-A40B96052B83}.Release|Any CPU.Build.0 = Release|Any CPU
		{007533F4-FE60-4E0C-AF11-004BF8A2C8F8}.Debug|Any CPU.ActiveCfg = Debug|Any CPU
		{007533F4-FE60-4E0C-AF11-004BF8A2C8F8}.Debug|Any CPU.Build.0 = Debug|Any CPU
		{007533F4-FE60-4E0C-AF11-004BF8A2C8F8}.Release|Any CPU.ActiveCfg = Release|Any CPU
		{007533F4-FE60-4E0C-AF11-004BF8A2C8F8}.Release|Any CPU.Build.0 = Release|Any CPU
		{BEB733F2-BBB4-4170-B530-EFF7C5797559}.Debug|Any CPU.ActiveCfg = Debug|Any CPU
		{BEB733F2-BBB4-4170-B530-EFF7C5797559}.Debug|Any CPU.Build.0 = Debug|Any CPU
		{BEB733F2-BBB4-4170-B530-EFF7C5797559}.Release|Any CPU.ActiveCfg = Release|Any CPU
		{BEB733F2-BBB4-4170-B530-EFF7C5797559}.Release|Any CPU.Build.0 = Release|Any CPU
		{C6F8925F-2947-4A78-8E1A-543D13B7ED6B}.Debug|Any CPU.ActiveCfg = Debug|Any CPU
		{C6F8925F-2947-4A78-8E1A-543D13B7ED6B}.Debug|Any CPU.Build.0 = Debug|Any CPU
		{C6F8925F-2947-4A78-8E1A-543D13B7ED6B}.Release|Any CPU.ActiveCfg = Release|Any CPU
		{C6F8925F-2947-4A78-8E1A-543D13B7ED6B}.Release|Any CPU.Build.0 = Release|Any CPU
		{2518859E-D8D5-418A-A92B-411277F86479}.Debug|Any CPU.ActiveCfg = Debug|Any CPU
		{2518859E-D8D5-418A-A92B-411277F86479}.Debug|Any CPU.Build.0 = Debug|Any CPU
		{2518859E-D8D5-418A-A92B-411277F86479}.Release|Any CPU.ActiveCfg = Release|Any CPU
		{2518859E-D8D5-418A-A92B-411277F86479}.Release|Any CPU.Build.0 = Release|Any CPU
	EndGlobalSection
	GlobalSection(SolutionProperties) = preSolution
		HideSolutionNode = FALSE
	EndGlobalSection
	GlobalSection(ExtensibilityGlobals) = postSolution
		SolutionGuid = {88C158C1-838B-42EB-A159-F5F83BF2DDEA}
	EndGlobalSection
EndGlobal
