
Microsoft Visual Studio Solution File, Format Version 12.00
# Visual Studio Version 16
VisualStudioVersion = 16.0.30621.155
MinimumVisualStudioVersion = 10.0.40219.1
Project("{FAE04EC0-301F-11D3-BF4B-00C04F79EFBC}") = "MVC", "MVC\MVC.csproj", "{83BF87B8-F76D-4FF2-9CAE-BF72637DA109}"
EndProject
Global
	GlobalSection(SolutionConfigurationPlatforms) = preSolution
		Debug|Any CPU = Debug|Any CPU
		Release|Any CPU = Release|Any CPU
	EndGlobalSection
	GlobalSection(ProjectConfigurationPlatforms) = postSolution
		{83BF87B8-F76D-4FF2-9CAE-BF72637DA109}.Debug|Any CPU.ActiveCfg = Debug|Any CPU
		{83BF87B8-F76D-4FF2-9CAE-BF72637DA109}.Debug|Any CPU.Build.0 = Debug|Any CPU
		{83BF87B8-F76D-4FF2-9CAE-BF72637DA109}.Release|Any CPU.ActiveCfg = Release|Any CPU
		{83BF87B8-F76D-4FF2-9CAE-BF72637DA109}.Release|Any CPU.Build.0 = Release|Any CPU
	EndGlobalSection
	GlobalSection(SolutionProperties) = preSolution
		HideSolutionNode = FALSE
	EndGlobalSection
	GlobalSection(ExtensibilityGlobals) = postSolution
		SolutionGuid = {4AB0322F-2D4D-4171-9675-2255E0D75632}
	EndGlobalSection
EndGlobal
