
Microsoft Visual Studio Solution File, Format Version 12.00
# Visual Studio Version 16
VisualStudioVersion = 16.0.32002.261
MinimumVisualStudioVersion = 10.0.40219.1
Project("{FAE04EC0-301F-11D3-BF4B-00C04F79EFBC}") = "DAL", "DAL\DAL.csproj", "{8188D4FF-6857-4724-9A20-BDC24C64994E}"
EndProject
Project("{FAE04EC0-301F-11D3-BF4B-00C04F79EFBC}") = "Contract", "Contract\Contract.csproj", "{8487B1D6-D9E7-4350-B734-1F38FFAA4A25}"
EndProject
Project("{FAE04EC0-301F-11D3-BF4B-00C04F79EFBC}") = "WebServices", "WebServices\WebServices.csproj", "{DA4DAD80-2814-4C97-BA7B-6E01A9D41BEF}"
EndProject
Global
	GlobalSection(SolutionConfigurationPlatforms) = preSolution
		Debug|Any CPU = Debug|Any CPU
		Release|Any CPU = Release|Any CPU
	EndGlobalSection
	GlobalSection(ProjectConfigurationPlatforms) = postSolution
		{8188D4FF-6857-4724-9A20-BDC24C64994E}.Debug|Any CPU.ActiveCfg = Debug|Any CPU
		{8188D4FF-6857-4724-9A20-BDC24C64994E}.Debug|Any CPU.Build.0 = Debug|Any CPU
		{8188D4FF-6857-4724-9A20-BDC24C64994E}.Release|Any CPU.ActiveCfg = Release|Any CPU
		{8188D4FF-6857-4724-9A20-BDC24C64994E}.Release|Any CPU.Build.0 = Release|Any CPU
		{8487B1D6-D9E7-4350-B734-1F38FFAA4A25}.Debug|Any CPU.ActiveCfg = Debug|Any CPU
		{8487B1D6-D9E7-4350-B734-1F38FFAA4A25}.Debug|Any CPU.Build.0 = Debug|Any CPU
		{8487B1D6-D9E7-4350-B734-1F38FFAA4A25}.Release|Any CPU.ActiveCfg = Release|Any CPU
		{8487B1D6-D9E7-4350-B734-1F38FFAA4A25}.Release|Any CPU.Build.0 = Release|Any CPU
		{DA4DAD80-2814-4C97-BA7B-6E01A9D41BEF}.Debug|Any CPU.ActiveCfg = Debug|Any CPU
		{DA4DAD80-2814-4C97-BA7B-6E01A9D41BEF}.Debug|Any CPU.Build.0 = Debug|Any CPU
		{DA4DAD80-2814-4C97-BA7B-6E01A9D41BEF}.Release|Any CPU.ActiveCfg = Release|Any CPU
		{DA4DAD80-2814-4C97-BA7B-6E01A9D41BEF}.Release|Any CPU.Build.0 = Release|Any CPU
	EndGlobalSection
	GlobalSection(SolutionProperties) = preSolution
		HideSolutionNode = FALSE
	EndGlobalSection
	GlobalSection(ExtensibilityGlobals) = postSolution
		SolutionGuid = {CC528EC1-08C4-48EA-B608-6A417191EA76}
	EndGlobalSection
EndGlobal
