
Microsoft Visual Studio Solution File, Format Version 12.00
# Visual Studio Version 17
VisualStudioVersion = 17.5.33530.505
MinimumVisualStudioVersion = 10.0.40219.1
Project("{9A19103F-16F7-4668-BE54-9A1E7A4F7556}") = "CommandQueryCore", "CommandQueryCore\CommandQueryCore.csproj", "{6AB1F53F-2CB9-4656-B3D5-9B1D4878EE19}"
EndProject
Project("{9A19103F-16F7-4668-BE54-9A1E7A4F7556}") = "DAL", "DAL\DAL.csproj", "{E9B78265-5EF7-483F-A5B1-BBC847C77EC1}"
EndProject
Project("{9A19103F-16F7-4668-BE54-9A1E7A4F7556}") = "Contract", "Contract\Contract.csproj", "{E710D9AC-8752-4B16-A0A4-0211C5B05349}"
EndProject
Project("{9A19103F-16F7-4668-BE54-9A1E7A4F7556}") = "WebApi", "WebApi\WebApi.csproj", "{D4ACF30E-E5EB-4786-81DF-3DD86F58F8FF}"
EndProject
Global
	GlobalSection(SolutionConfigurationPlatforms) = preSolution
		Debug|Any CPU = Debug|Any CPU
		Release|Any CPU = Release|Any CPU
	EndGlobalSection
	GlobalSection(ProjectConfigurationPlatforms) = postSolution
		{6AB1F53F-2CB9-4656-B3D5-9B1D4878EE19}.Debug|Any CPU.ActiveCfg = Debug|Any CPU
		{6AB1F53F-2CB9-4656-B3D5-9B1D4878EE19}.Debug|Any CPU.Build.0 = Debug|Any CPU
		{6AB1F53F-2CB9-4656-B3D5-9B1D4878EE19}.Release|Any CPU.ActiveCfg = Release|Any CPU
		{6AB1F53F-2CB9-4656-B3D5-9B1D4878EE19}.Release|Any CPU.Build.0 = Release|Any CPU
		{E9B78265-5EF7-483F-A5B1-BBC847C77EC1}.Debug|Any CPU.ActiveCfg = Debug|Any CPU
		{E9B78265-5EF7-483F-A5B1-BBC847C77EC1}.Debug|Any CPU.Build.0 = Debug|Any CPU
		{E9B78265-5EF7-483F-A5B1-BBC847C77EC1}.Release|Any CPU.ActiveCfg = Release|Any CPU
		{E9B78265-5EF7-483F-A5B1-BBC847C77EC1}.Release|Any CPU.Build.0 = Release|Any CPU
		{E710D9AC-8752-4B16-A0A4-0211C5B05349}.Debug|Any CPU.ActiveCfg = Debug|Any CPU
		{E710D9AC-8752-4B16-A0A4-0211C5B05349}.Debug|Any CPU.Build.0 = Debug|Any CPU
		{E710D9AC-8752-4B16-A0A4-0211C5B05349}.Release|Any CPU.ActiveCfg = Release|Any CPU
		{E710D9AC-8752-4B16-A0A4-0211C5B05349}.Release|Any CPU.Build.0 = Release|Any CPU
		{D4ACF30E-E5EB-4786-81DF-3DD86F58F8FF}.Debug|Any CPU.ActiveCfg = Debug|Any CPU
		{D4ACF30E-E5EB-4786-81DF-3DD86F58F8FF}.Debug|Any CPU.Build.0 = Debug|Any CPU
		{D4ACF30E-E5EB-4786-81DF-3DD86F58F8FF}.Release|Any CPU.ActiveCfg = Release|Any CPU
		{D4ACF30E-E5EB-4786-81DF-3DD86F58F8FF}.Release|Any CPU.Build.0 = Release|Any CPU
	EndGlobalSection
	GlobalSection(SolutionProperties) = preSolution
		HideSolutionNode = FALSE
	EndGlobalSection
	GlobalSection(ExtensibilityGlobals) = postSolution
		SolutionGuid = {DDB6BB5F-4AC2-487D-8985-428392B0AF99}
	EndGlobalSection
EndGlobal
